
Microsoft Visual Studio Solution File, Format Version 12.00
# Visual Studio Version 17
VisualStudioVersion = 17.5.33516.290
MinimumVisualStudioVersion = 10.0.40219.1
Project("{FAE04EC0-301F-11D3-BF4B-00C04F79EFBC}") = "WebApplication_Core_Day09", "WebApplication_Core_Day09.csproj", "{EBDFC7D8-BF63-4AEF-B5C9-51242FC54881}"
EndProject
Global
	GlobalSection(SolutionConfigurationPlatforms) = preSolution
		Debug|Any CPU = Debug|Any CPU
		Release|Any CPU = Release|Any CPU
	EndGlobalSection
	GlobalSection(ProjectConfigurationPlatforms) = postSolution
		{EBDFC7D8-BF63-4AEF-B5C9-51242FC54881}.Debug|Any CPU.ActiveCfg = Debug|Any CPU
		{EBDFC7D8-BF63-4AEF-B5C9-51242FC54881}.Debug|Any CPU.Build.0 = Debug|Any CPU
		{EBDFC7D8-BF63-4AEF-B5C9-51242FC54881}.Release|Any CPU.ActiveCfg = Release|Any CPU
		{EBDFC7D8-BF63-4AEF-B5C9-51242FC54881}.Release|Any CPU.Build.0 = Release|Any CPU
	EndGlobalSection
	GlobalSection(SolutionProperties) = preSolution
		HideSolutionNode = FALSE
	EndGlobalSection
	GlobalSection(ExtensibilityGlobals) = postSolution
		SolutionGuid = {4FE5B714-4768-43E0-A20E-AB92813A7356}
	EndGlobalSection
EndGlobal
